// !$*UTF8*$!
{
	archiveVersion = 1;
	classes = {
	};
	objectVersion = 77;
	objects = {

/* Begin PBXBuildFile section */
		D817B5EC2EB9F785004B48B3 /* ModelsConnectionProfile.swift in Sources */ = {isa = PBXBuildFile; fileRef = D817B5EB2EB9F785004B48B3 /* ModelsConnectionProfile.swift */; };
		D817B5EE2EB9F78A004B48B3 /* ModelsTranslationPrompt.swift in Sources */ = {isa = PBXBuildFile; fileRef = D817B5ED2EB9F78A004B48B3 /* ModelsTranslationPrompt.swift */; };
		D817B5F02EB9F793004B48B3 /* ModelsTranslationError.swift in Sources */ = {isa = PBXBuildFile; fileRef = D817B5EF2EB9F793004B48B3 /* ModelsTranslationError.swift */; };
		D817B5F22EB9F7A6004B48B3 /* ModelsOpenWebUIModel.swift in Sources */ = {isa = PBXBuildFile; fileRef = D817B5F12EB9F7A6004B48B3 /* ModelsOpenWebUIModel.swift */; };
		D817B5F42EB9F7B7004B48B3 /* UtilitiesKeyCodeMapper.swift in Sources */ = {isa = PBXBuildFile; fileRef = D817B5F32EB9F7B7004B48B3 /* UtilitiesKeyCodeMapper.swift */; };
		D817B5F62EB9F7BE004B48B3 /* UtilitiesButtonStyles.swift in Sources */ = {isa = PBXBuildFile; fileRef = D817B5F52EB9F7BE004B48B3 /* UtilitiesButtonStyles.swift */; };
		D817B5F82EB9F7D3004B48B3 /* ServicesModelService.swift in Sources */ = {isa = PBXBuildFile; fileRef = D817B5F72EB9F7D3004B48B3 /* ServicesModelService.swift */; };
		D817B5FA2EB9F7EE004B48B3 /* ServicesTranslationService.swift in Sources */ = {isa = PBXBuildFile; fileRef = D817B5F92EB9F7EE004B48B3 /* ServicesTranslationService.swift */; };
		D817B5FC2EB9F809004B48B3 /* ManagersSettingsManager.swift in Sources */ = {isa = PBXBuildFile; fileRef = D817B5FB2EB9F809004B48B3 /* ManagersSettingsManager.swift */; };
		D817B5FE2EB9F80F004B48B3 /* AppAI_TranslatorApp.swift in Sources */ = {isa = PBXBuildFile; fileRef = D817B5FD2EB9F80F004B48B3 /* AppAI_TranslatorApp.swift */; };
		D817B6002EB9F83A004B48B3 /* AppAppDelegate.swift in Sources */ = {isa = PBXBuildFile; fileRef = D817B5FF2EB9F83A004B48B3 /* AppAppDelegate.swift */; };
		D817B6022EB9F85F004B48B3 /* AppAppDelegate+Hotkeys.swift in Sources */ = {isa = PBXBuildFile; fileRef = D817B6012EB9F85F004B48B3 /* AppAppDelegate+Hotkeys.swift */; };
		D817B6042EB9F86B004B48B3 /* UtilitiesLanguageData.swift in Sources */ = {isa = PBXBuildFile; fileRef = D817B6032EB9F86B004B48B3 /* UtilitiesLanguageData.swift */; };
/* End PBXBuildFile section */

/* Begin PBXFileReference section */
		D817B5EB2EB9F785004B48B3 /* ModelsConnectionProfile.swift */ = {isa = PBXFileReference; lastKnownFileType = sourcecode.swift; path = ModelsConnectionProfile.swift; sourceTree = "<group>"; };
		D817B5ED2EB9F78A004B48B3 /* ModelsTranslationPrompt.swift */ = {isa = PBXFileReference; lastKnownFileType = sourcecode.swift; path = ModelsTranslationPrompt.swift; sourceTree = "<group>"; };
		D817B5EF2EB9F793004B48B3 /* ModelsTranslationError.swift */ = {isa = PBXFileReference; lastKnownFileType = sourcecode.swift; path = ModelsTranslationError.swift; sourceTree = "<group>"; };
		D817B5F12EB9F7A6004B48B3 /* ModelsOpenWebUIModel.swift */ = {isa = PBXFileReference; lastKnownFileType = sourcecode.swift; path = ModelsOpenWebUIModel.swift; sourceTree = "<group>"; };
		D817B5F32EB9F7B7004B48B3 /* UtilitiesKeyCodeMapper.swift */ = {isa = PBXFileReference; lastKnownFileType = sourcecode.swift; path = UtilitiesKeyCodeMapper.swift; sourceTree = "<group>"; };
		D817B5F52EB9F7BE004B48B3 /* UtilitiesButtonStyles.swift */ = {isa = PBXFileReference; lastKnownFileType = sourcecode.swift; path = UtilitiesButtonStyles.swift; sourceTree = "<group>"; };
		D817B5F72EB9F7D3004B48B3 /* ServicesModelService.swift */ = {isa = PBXFileReference; lastKnownFileType = sourcecode.swift; path = ServicesModelService.swift; sourceTree = "<group>"; };
		D817B5F92EB9F7EE004B48B3 /* ServicesTranslationService.swift */ = {isa = PBXFileReference; lastKnownFileType = sourcecode.swift; path = ServicesTranslationService.swift; sourceTree = "<group>"; };
		D817B5FB2EB9F809004B48B3 /* ManagersSettingsManager.swift */ = {isa = PBXFileReference; lastKnownFileType = sourcecode.swift; path = ManagersSettingsManager.swift; sourceTree = "<group>"; };
		D817B5FD2EB9F80F004B48B3 /* AppAI_TranslatorApp.swift */ = {isa = PBXFileReference; lastKnownFileType = sourcecode.swift; path = AppAI_TranslatorApp.swift; sourceTree = "<group>"; };
		D817B5FF2EB9F83A004B48B3 /* AppAppDelegate.swift */ = {isa = PBXFileReference; lastKnownFileType = sourcecode.swift; path = AppAppDelegate.swift; sourceTree = "<group>"; };
		D817B6012EB9F85F004B48B3 /* AppAppDelegate+Hotkeys.swift */ = {isa = PBXFileReference; lastKnownFileType = sourcecode.swift; path = "AppAppDelegate+Hotkeys.swift"; sourceTree = "<group>"; };
		D817B6032EB9F86B004B48B3 /* UtilitiesLanguageData.swift */ = {isa = PBXFileReference; lastKnownFileType = sourcecode.swift; path = UtilitiesLanguageData.swift; sourceTree = "<group>"; };
		D8E316812E4232F10003F8B5 /* AI Translator.app */ = {isa = PBXFileReference; explicitFileType = wrapper.application; includeInIndex = 0; path = "AI Translator.app"; sourceTree = BUILT_PRODUCTS_DIR; };
/* End PBXFileReference section */

/* Begin PBXFileSystemSynchronizedRootGroup section */
		D8E316832E4232F10003F8B5 /* AI Translator */ = {
			isa = PBXFileSystemSynchronizedRootGroup;
			path = "AI Translator";
			sourceTree = "<group>";
		};
/* End PBXFileSystemSynchronizedRootGroup section */

/* Begin PBXFrameworksBuildPhase section */
		D8E3167E2E4232F10003F8B5 /* Frameworks */ = {
			isa = PBXFrameworksBuildPhase;
			buildActionMask = 2147483647;
			files = (
			);
			runOnlyForDeploymentPostprocessing = 0;
		};
/* End PBXFrameworksBuildPhase section */

/* Begin PBXGroup section */
		D8E316782E4232F10003F8B5 = {
			isa = PBXGroup;
			children = (
				D8E316832E4232F10003F8B5 /* AI Translator */,
				D8E316822E4232F10003F8B5 /* Products */,
				D817B5EB2EB9F785004B48B3 /* ModelsConnectionProfile.swift */,
				D817B5ED2EB9F78A004B48B3 /* ModelsTranslationPrompt.swift */,
				D817B5EF2EB9F793004B48B3 /* ModelsTranslationError.swift */,
				D817B5F12EB9F7A6004B48B3 /* ModelsOpenWebUIModel.swift */,
				D817B5F32EB9F7B7004B48B3 /* UtilitiesKeyCodeMapper.swift */,
				D817B5F52EB9F7BE004B48B3 /* UtilitiesButtonStyles.swift */,
				D817B5F72EB9F7D3004B48B3 /* ServicesModelService.swift */,
				D817B5F92EB9F7EE004B48B3 /* ServicesTranslationService.swift */,
				D817B5FB2EB9F809004B48B3 /* ManagersSettingsManager.swift */,
				D817B5FD2EB9F80F004B48B3 /* AppAI_TranslatorApp.swift */,
				D817B5FF2EB9F83A004B48B3 /* AppAppDelegate.swift */,
				D817B6012EB9F85F004B48B3 /* AppAppDelegate+Hotkeys.swift */,
				D817B6032EB9F86B004B48B3 /* UtilitiesLanguageData.swift */,
			);
			sourceTree = "<group>";
		};
		D8E316822E4232F10003F8B5 /* Products */ = {
			isa = PBXGroup;
			children = (
				D8E316812E4232F10003F8B5 /* AI Translator.app */,
			);
			name = Products;
			sourceTree = "<group>";
		};
/* End PBXGroup section */

/* Begin PBXNativeTarget section */
		D8E316802E4232F10003F8B5 /* AI Translator */ = {
			isa = PBXNativeTarget;
			buildConfigurationList = D8E3168D2E4232F20003F8B5 /* Build configuration list for PBXNativeTarget "AI Translator" */;
			buildPhases = (
				D8E3167D2E4232F10003F8B5 /* Sources */,
				D8E3167E2E4232F10003F8B5 /* Frameworks */,
				D8E3167F2E4232F10003F8B5 /* Resources */,
			);
			buildRules = (
			);
			dependencies = (
			);
			fileSystemSynchronizedGroups = (
				D8E316832E4232F10003F8B5 /* AI Translator */,
			);
			name = "AI Translator";
			packageProductDependencies = (
			);
			productName = "AI Translator";
			productReference = D8E316812E4232F10003F8B5 /* AI Translator.app */;
			productType = "com.apple.product-type.application";
		};
/* End PBXNativeTarget section */

/* Begin PBXProject section */
		D8E316792E4232F10003F8B5 /* Project object */ = {
			isa = PBXProject;
			attributes = {
				BuildIndependentTargetsInParallel = 1;
				KnownAssetTags = (
					New,
				);
				LastSwiftUpdateCheck = 1640;
				LastUpgradeCheck = 1640;
				TargetAttributes = {
					D8E316802E4232F10003F8B5 = {
						CreatedOnToolsVersion = 16.4;
						LastSwiftMigration = 1640;
					};
				};
			};
			buildConfigurationList = D8E3167C2E4232F10003F8B5 /* Build configuration list for PBXProject "AI Translator" */;
			developmentRegion = en;
			hasScannedForEncodings = 0;
			knownRegions = (
				en,
				Base,
				ru,
			);
			mainGroup = D8E316782E4232F10003F8B5;
			minimizedProjectReferenceProxies = 1;
			preferredProjectObjectVersion = 77;
			productRefGroup = D8E316822E4232F10003F8B5 /* Products */;
			projectDirPath = "";
			projectRoot = "";
			targets = (
				D8E316802E4232F10003F8B5 /* AI Translator */,
			);
		};
/* End PBXProject section */

/* Begin PBXResourcesBuildPhase section */
		D8E3167F2E4232F10003F8B5 /* Resources */ = {
			isa = PBXResourcesBuildPhase;
			buildActionMask = 2147483647;
			files = (
			);
			runOnlyForDeploymentPostprocessing = 0;
		};
/* End PBXResourcesBuildPhase section */

/* Begin PBXSourcesBuildPhase section */
		D8E3167D2E4232F10003F8B5 /* Sources */ = {
			isa = PBXSourcesBuildPhase;
			buildActionMask = 2147483647;
			files = (
				D817B5F02EB9F793004B48B3 /* ModelsTranslationError.swift in Sources */,
				D817B5F62EB9F7BE004B48B3 /* UtilitiesButtonStyles.swift in Sources */,
				D817B5FE2EB9F80F004B48B3 /* AppAI_TranslatorApp.swift in Sources */,
				D817B5F82EB9F7D3004B48B3 /* ServicesModelService.swift in Sources */,
				D817B6022EB9F85F004B48B3 /* AppAppDelegate+Hotkeys.swift in Sources */,
				D817B6042EB9F86B004B48B3 /* UtilitiesLanguageData.swift in Sources */,
				D817B5F42EB9F7B7004B48B3 /* UtilitiesKeyCodeMapper.swift in Sources */,
				D817B5EC2EB9F785004B48B3 /* ModelsConnectionProfile.swift in Sources */,
				D817B5FC2EB9F809004B48B3 /* ManagersSettingsManager.swift in Sources */,
				D817B6002EB9F83A004B48B3 /* AppAppDelegate.swift in Sources */,
				D817B5EE2EB9F78A004B48B3 /* ModelsTranslationPrompt.swift in Sources */,
				D817B5F22EB9F7A6004B48B3 /* ModelsOpenWebUIModel.swift in Sources */,
				D817B5FA2EB9F7EE004B48B3 /* ServicesTranslationService.swift in Sources */,
			);
			runOnlyForDeploymentPostprocessing = 0;
		};
/* End PBXSourcesBuildPhase section */

/* Begin XCBuildConfiguration section */
		D8E3168B2E4232F20003F8B5 /* Debug */ = {
			isa = XCBuildConfiguration;
			buildSettings = {
				ALWAYS_SEARCH_USER_PATHS = NO;
				ASSETCATALOG_COMPILER_GENERATE_SWIFT_ASSET_SYMBOL_EXTENSIONS = YES;
				CLANG_ANALYZER_NONNULL = YES;
				CLANG_ANALYZER_NUMBER_OBJECT_CONVERSION = YES_AGGRESSIVE;
				CLANG_CXX_LANGUAGE_STANDARD = "gnu++20";
				CLANG_ENABLE_MODULES = YES;
				CLANG_ENABLE_OBJC_ARC = YES;
				CLANG_ENABLE_OBJC_WEAK = YES;
				CLANG_WARN_BLOCK_CAPTURE_AUTORELEASING = YES;
				CLANG_WARN_BOOL_CONVERSION = YES;
				CLANG_WARN_COMMA = YES;
				CLANG_WARN_CONSTANT_CONVERSION = YES;
				CLANG_WARN_DEPRECATED_OBJC_IMPLEMENTATIONS = YES;
				CLANG_WARN_DIRECT_OBJC_ISA_USAGE = YES_ERROR;
				CLANG_WARN_DOCUMENTATION_COMMENTS = YES;
				CLANG_WARN_EMPTY_BODY = YES;
				CLANG_WARN_ENUM_CONVERSION = YES;
				CLANG_WARN_INFINITE_RECURSION = YES;
				CLANG_WARN_INT_CONVERSION = YES;
				CLANG_WARN_NON_LITERAL_NULL_CONVERSION = YES;
				CLANG_WARN_OBJC_IMPLICIT_RETAIN_SELF = YES;
				CLANG_WARN_OBJC_LITERAL_CONVERSION = YES;
				CLANG_WARN_OBJC_ROOT_CLASS = YES_ERROR;
				CLANG_WARN_QUOTED_INCLUDE_IN_FRAMEWORK_HEADER = YES;
				CLANG_WARN_RANGE_LOOP_ANALYSIS = YES;
				CLANG_WARN_STRICT_PROTOTYPES = YES;
				CLANG_WARN_SUSPICIOUS_MOVE = YES;
				CLANG_WARN_UNGUARDED_AVAILABILITY = YES_AGGRESSIVE;
				CLANG_WARN_UNREACHABLE_CODE = YES;
				CLANG_WARN__DUPLICATE_METHOD_MATCH = YES;
				COPY_PHASE_STRIP = NO;
				DEBUG_INFORMATION_FORMAT = dwarf;
				ENABLE_STRICT_OBJC_MSGSEND = YES;
				ENABLE_TESTABILITY = YES;
				ENABLE_USER_SCRIPT_SANDBOXING = YES;
				GCC_C_LANGUAGE_STANDARD = gnu17;
				GCC_DYNAMIC_NO_PIC = NO;
				GCC_NO_COMMON_BLOCKS = YES;
				GCC_OPTIMIZATION_LEVEL = 0;
				GCC_PREPROCESSOR_DEFINITIONS = (
					"DEBUG=1",
					"$(inherited)",
				);
				GCC_WARN_64_TO_32_BIT_CONVERSION = YES;
				GCC_WARN_ABOUT_RETURN_TYPE = YES_ERROR;
				GCC_WARN_UNDECLARED_SELECTOR = YES;
				GCC_WARN_UNINITIALIZED_AUTOS = YES_AGGRESSIVE;
				GCC_WARN_UNUSED_FUNCTION = YES;
				GCC_WARN_UNUSED_VARIABLE = YES;
				LOCALIZATION_PREFERS_STRING_CATALOGS = YES;
				MACOSX_DEPLOYMENT_TARGET = 14.0;
				MTL_ENABLE_DEBUG_INFO = INCLUDE_SOURCE;
				MTL_FAST_MATH = YES;
				ONLY_ACTIVE_ARCH = YES;
				SDKROOT = macosx;
				SWIFT_ACTIVE_COMPILATION_CONDITIONS = "DEBUG $(inherited)";
				SWIFT_OPTIMIZATION_LEVEL = "-Onone";
			};
			name = Debug;
		};
		D8E3168C2E4232F20003F8B5 /* Release */ = {
			isa = XCBuildConfiguration;
			buildSettings = {
				ALWAYS_SEARCH_USER_PATHS = NO;
				ASSETCATALOG_COMPILER_GENERATE_SWIFT_ASSET_SYMBOL_EXTENSIONS = YES;
				CLANG_ANALYZER_NONNULL = YES;
				CLANG_ANALYZER_NUMBER_OBJECT_CONVERSION = YES_AGGRESSIVE;
				CLANG_CXX_LANGUAGE_STANDARD = "gnu++20";
				CLANG_ENABLE_MODULES = YES;
				CLANG_ENABLE_OBJC_ARC = YES;
				CLANG_ENABLE_OBJC_WEAK = YES;
				CLANG_WARN_BLOCK_CAPTURE_AUTORELEASING = YES;
				CLANG_WARN_BOOL_CONVERSION = YES;
				CLANG_WARN_COMMA = YES;
				CLANG_WARN_CONSTANT_CONVERSION = YES;
				CLANG_WARN_DEPRECATED_OBJC_IMPLEMENTATIONS = YES;
				CLANG_WARN_DIRECT_OBJC_ISA_USAGE = YES_ERROR;
				CLANG_WARN_DOCUMENTATION_COMMENTS = YES;
				CLANG_WARN_EMPTY_BODY = YES;
				CLANG_WARN_ENUM_CONVERSION = YES;
				CLANG_WARN_INFINITE_RECURSION = YES;
				CLANG_WARN_INT_CONVERSION = YES;
				CLANG_WARN_NON_LITERAL_NULL_CONVERSION = YES;
				CLANG_WARN_OBJC_IMPLICIT_RETAIN_SELF = YES;
				CLANG_WARN_OBJC_LITERAL_CONVERSION = YES;
				CLANG_WARN_OBJC_ROOT_CLASS = YES_ERROR;
				CLANG_WARN_QUOTED_INCLUDE_IN_FRAMEWORK_HEADER = YES;
				CLANG_WARN_RANGE_LOOP_ANALYSIS = YES;
				CLANG_WARN_STRICT_PROTOTYPES = YES;
				CLANG_WARN_SUSPICIOUS_MOVE = YES;
				CLANG_WARN_UNGUARDED_AVAILABILITY = YES_AGGRESSIVE;
				CLANG_WARN_UNREACHABLE_CODE = YES;
				CLANG_WARN__DUPLICATE_METHOD_MATCH = YES;
				COPY_PHASE_STRIP = NO;
				DEBUG_INFORMATION_FORMAT = "dwarf-with-dsym";
				ENABLE_NS_ASSERTIONS = NO;
				ENABLE_STRICT_OBJC_MSGSEND = YES;
				ENABLE_USER_SCRIPT_SANDBOXING = YES;
				GCC_C_LANGUAGE_STANDARD = gnu17;
				GCC_NO_COMMON_BLOCKS = YES;
				GCC_WARN_64_TO_32_BIT_CONVERSION = YES;
				GCC_WARN_ABOUT_RETURN_TYPE = YES_ERROR;
				GCC_WARN_UNDECLARED_SELECTOR = YES;
				GCC_WARN_UNINITIALIZED_AUTOS = YES_AGGRESSIVE;
				GCC_WARN_UNUSED_FUNCTION = YES;
				GCC_WARN_UNUSED_VARIABLE = YES;
				LOCALIZATION_PREFERS_STRING_CATALOGS = YES;
				MACOSX_DEPLOYMENT_TARGET = 14.0;
				MTL_ENABLE_DEBUG_INFO = NO;
				MTL_FAST_MATH = YES;
				SDKROOT = macosx;
				SWIFT_COMPILATION_MODE = wholemodule;
			};
			name = Release;
		};
		D8E3168E2E4232F20003F8B5 /* Debug */ = {
			isa = XCBuildConfiguration;
			buildSettings = {
				ASSETCATALOG_COMPILER_APPICON_NAME = AppIcon;
				ASSETCATALOG_COMPILER_INCLUDE_ALL_APPICON_ASSETS = YES;
				CLANG_ENABLE_MODULES = YES;
				CODE_SIGN_ENTITLEMENTS = "AI Translator/AI_Translator.entitlements";
				"CODE_SIGN_IDENTITY[sdk=macosx*]" = "Apple Development";
				CODE_SIGN_STYLE = Automatic;
				COMBINE_HIDPI_IMAGES = YES;
				CURRENT_PROJECT_VERSION = 1;
				DEVELOPMENT_TEAM = AVSS84MH6D;
				ENABLE_HARDENED_RUNTIME = YES;
				ENABLE_PREVIEWS = YES;
				GENERATE_INFOPLIST_FILE = YES;
				INFOPLIST_FILE = "AI Translator/Info.plist";
				INFOPLIST_KEY_CFBundleDisplayName = "AI Translator";
				INFOPLIST_KEY_LSApplicationCategoryType = "public.app-category.utilities";
				INFOPLIST_KEY_NSHumanReadableCopyright = "";
				LD_RUNPATH_SEARCH_PATHS = (
					"$(inherited)",
					"@executable_path/../Frameworks",
				);
				MACOSX_DEPLOYMENT_TARGET = 14.0;
				MARKETING_VERSION = 1.9.3;
				PRODUCT_BUNDLE_IDENTIFIER = "com.vitaly.ai-translator.AI-Translator";
				PRODUCT_NAME = "$(TARGET_NAME)";
				PROVISIONING_PROFILE_SPECIFIER = "";
				REGISTER_APP_GROUPS = YES;
				SWIFT_EMIT_LOC_STRINGS = YES;
				SWIFT_OPTIMIZATION_LEVEL = "-Onone";
				SWIFT_VERSION = 5.0;
			};
			name = Debug;
		};
		D8E3168F2E4232F20003F8B5 /* Release */ = {
			isa = XCBuildConfiguration;
			buildSettings = {
				ASSETCATALOG_COMPILER_APPICON_NAME = AppIcon;
				ASSETCATALOG_COMPILER_INCLUDE_ALL_APPICON_ASSETS = YES;
				CLANG_ENABLE_MODULES = YES;
				CODE_SIGN_ENTITLEMENTS = "AI Translator/AI_Translator.entitlements";
				"CODE_SIGN_IDENTITY[sdk=macosx*]" = "Apple Development";
				CODE_SIGN_STYLE = Automatic;
				COMBINE_HIDPI_IMAGES = YES;
				CURRENT_PROJECT_VERSION = 1;
				DEVELOPMENT_TEAM = AVSS84MH6D;
				ENABLE_HARDENED_RUNTIME = YES;
				ENABLE_PREVIEWS = YES;
				GENERATE_INFOPLIST_FILE = YES;
				INFOPLIST_FILE = "AI Translator/Info.plist";
				INFOPLIST_KEY_CFBundleDisplayName = "AI Translator";
				INFOPLIST_KEY_LSApplicationCategoryType = "public.app-category.utilities";
				INFOPLIST_KEY_NSHumanReadableCopyright = "";
				LD_RUNPATH_SEARCH_PATHS = (
					"$(inherited)",
					"@executable_path/../Frameworks",
				);
				MACOSX_DEPLOYMENT_TARGET = 14.0;
				MARKETING_VERSION = 1.9.3;
				PRODUCT_BUNDLE_IDENTIFIER = "com.vitaly.ai-translator.AI-Translator";
				PRODUCT_NAME = "$(TARGET_NAME)";
				PROVISIONING_PROFILE_SPECIFIER = "";
				REGISTER_APP_GROUPS = YES;
				SWIFT_EMIT_LOC_STRINGS = YES;
				SWIFT_VERSION = 5.0;
			};
			name = Release;
		};
/* End XCBuildConfiguration section */

/* Begin XCConfigurationList section */
		D8E3167C2E4232F10003F8B5 /* Build configuration list for PBXProject "AI Translator" */ = {
			isa = XCConfigurationList;
			buildConfigurations = (
				D8E3168B2E4232F20003F8B5 /* Debug */,
				D8E3168C2E4232F20003F8B5 /* Release */,
			);
			defaultConfigurationIsVisible = 0;
			defaultConfigurationName = Release;
		};
		D8E3168D2E4232F20003F8B5 /* Build configuration list for PBXNativeTarget "AI Translator" */ = {
			isa = XCConfigurationList;
			buildConfigurations = (
				D8E3168E2E4232F20003F8B5 /* Debug */,
				D8E3168F2E4232F20003F8B5 /* Release */,
			);
			defaultConfigurationIsVisible = 0;
			defaultConfigurationName = Release;
		};
/* End XCConfigurationList section */
	};
	rootObject = D8E316792E4232F10003F8B5 /* Project object */;
}
